using System;
using System.Collections.Generic;
using System.ComponentModel;
using System.Data;
using System.Drawing;
using System.IO;
using System.Linq;
using System.Text;
using System.Threading.Tasks;
using System.Windows.Forms;

namespace Currency_3
{
    public partial class Form1 : Form
    {
        public Form1()
        {
            InitializeComponent();
        }

        private void button1_Click(object sender, EventArgs e)
        {
            
           
            //Write a file
            string[] text = { "Name :"+textBox1.Text };
            System.IO.File.WriteAllLines(@"C:\Users\maham\source\repos\Currency-3\Currency-3\myfile.txt",text);


            //TextWriter txt = new StreamWriter(@"C:\Users\maham\source\repos\Currency-3\Currency-3\myfile.txt");
            //txt.Write(textBox1.Text);
            
            //Read a file
            string read = System.IO.File.ReadAllText(@"C:\Users\maham\source\repos\Currency-3\Currency-3\myfile.txt");
            
            double amount = Convert.ToDouble(textBox2.Text);


            // using the method 
            string str = "Your amount to change is :"+ amount.ToString();
            richTextBox1.AppendText(Environment.NewLine  + "\t" +  read +"\t"+str);
          

            double EURO = 91.14, DOLLAR = 80.23, YUAN = 0.085,Rouble =0;
            if (radioButton1.Checked)
            {
                Rouble += amount * EURO;
                richTextBox1.AppendText(Environment.NewLine  + "\t"+"Your money in rouble:" + Rouble +"\t" + DateTime.Now.ToString("HH:mm:ss")+"\n");

            }
            else if (radioButton2.Checked)
            {
                Rouble += amount * DOLLAR;
                richTextBox1.AppendText(Environment.NewLine   + "\t" + "Your money in rouble:" + Rouble + "\t" + DateTime.Now.ToString("HH:mm:ss") + "\n");
            }
            else 
            {
                Rouble += amount * YUAN;
                richTextBox1.AppendText(Environment.NewLine + "\t" + "Your money in rouble:" + Rouble + "\t" + DateTime.Now.ToString("HH:mm:ss") + "\n");

            }
            richTextBox1.SaveFile(@"C:\Users\maham\source\repos\Currency-3\Currency-3\myfile.txt", RichTextBoxStreamType.RichText );
            

            this.Controls.Add(richTextBox1);
         
        }

        private void Form1_Load(object sender, EventArgs e)
        {

        }
    }
}
